// !$*UTF8*$!
{ archiveVersion = 1; classes = {}; objectVersion = 56; objects = {
00A6E763ACEDFC3248E3D5FA = { isa = "PBXFileReference"; lastKnownFileType = "sourcecode.swift"; path = "ValkyrieLearn/Learning/ScienceAdventure.swift"; sourceTree = "<group>"; };
01D6DCF0774564783544737A = { isa = "PBXFileReference"; lastKnownFileType = "sourcecode.swift"; path = "ValkyrieLearn/Tests/LearningCoreTests/MathAdventureTests.swift"; sourceTree = "<group>"; };
0C4333677481D2E961A113C2 = { isa = "PBXTargetDependency"; target = "5D07045E56C4A694BD343757"; targetProxy = "6242BF8ECD5A47A6CC1A8329"; };
0FD7C82D7ABCD809867EDB59 = { isa = "PBXFileReference"; lastKnownFileType = "sourcecode.swift"; path = "ValkyrieLearn/Game/Scenes/MathCastleScene.swift"; sourceTree = "<group>"; };
10C2F810A2576000356B02DE = { isa = "PBXFileReference"; lastKnownFileType = "sourcecode.swift"; path = "ValkyrieLearn/Game/GameContainerView.swift"; sourceTree = "<group>"; };
11DB0A0D39102C4675A245F1 = { isa = "PBXBuildFile"; fileRef = "E7B96848084F5E58C09944D1"; };
1324036977BD30255AA9F613 = { isa = "PBXBuildFile"; fileRef = "F24824451FCDFA510DE71C14"; };
159F986D5BB8A66A406695CA = { isa = "PBXNativeTarget"; buildConfigurationList = "350A7AE35318595ABE85CCC0"; buildPhases = ("594C6976964FBEF1D7C94236", "FF04061A404BCB0416F5F66B", "D1716337755AFBE4C79A5388",); buildRules = (); dependencies = ("0C4333677481D2E961A113C2",); name = "PersistenceTests"; productName = "PersistenceTests"; productReference = "1C4DA9D8C800ED4189B8562D"; productType = "com.apple.product-type.bundle.unit-test"; packageProductDependencies = ("4D99EEB76E0C449BF805DB1F",); };
19515E43D632258BF509927B = { isa = "XCConfigurationList"; buildConfigurations = ("FCABF20B352587BE2692920D", "F3A7D7D502805BD8916C3687",); defaultConfigurationIsVisible = 0; defaultConfigurationName = "Release"; };
1A96F99C385511D0A77DDFA6 = { isa = "PBXBuildFile"; fileRef = "54C4453DD7A1BAFC44CE8EC0"; };
1C4DA9D8C800ED4189B8562D = { isa = "PBXFileReference"; explicitFileType = "wrapper.cfbundle"; path = "PersistenceTests.xctest"; sourceTree = "BUILT_PRODUCTS_DIR"; };
1E1519DC179DE2B90741553F = { isa = "PBXBuildFile"; fileRef = "0FD7C82D7ABCD809867EDB59"; };
2236EAB216A02232D2C45B0F = { isa = "PBXBuildFile"; productRef = "86B9B4E7D46CDC350CA35D56"; };
24C2BCE42D2CF3F540F24D2C = { isa = "PBXFileReference"; lastKnownFileType = "folder.skatlas"; path = "ValkyrieLearn/Resources/Valkyrie.atlas"; sourceTree = "<group>"; };
2827950E1D19235C450DDA5A = { isa = "PBXFileReference"; lastKnownFileType = "sourcecode.swift"; path = "ValkyrieLearn/Learning/SkillGraph.swift"; sourceTree = "<group>"; };
28508CF0335F9DB86F171DF4 = { isa = "PBXBuildFile"; fileRef = "A92DB2C23E1E25D137864F1B"; };
29D5A3BE43B9B519C00851AA = { isa = "PBXBuildFile"; fileRef = "CF54682E723861DB6C10CE78"; };
29E258C5F371898EBEB7FC71 = { isa = "PBXFileReference"; lastKnownFileType = "sourcecode.swift"; path = "ValkyrieLearn/Curriculum/Math/MathFoundation.swift"; sourceTree = "<group>"; };
2ACD3DF9E95D047F41529F74 = { isa = "PBXResourcesBuildPhase"; buildActionMask = 2147483647; files = (); runOnlyForDeploymentPostprocessing = 0; };
2C6A137D49726AC8D8D2E2C0 = { isa = "PBXFileReference"; lastKnownFileType = "sourcecode.swift"; path = "ValkyrieLearn/App/ValkyrieLearnApp.swift"; sourceTree = "<group>"; };
2DA5E2BB70E11FB0A888C87B = { isa = "PBXFileReference"; lastKnownFileType = "sourcecode.swift"; path = "ValkyrieLearn/Game/Scenes/WordGardenScene.swift"; sourceTree = "<group>"; };
2E701D34502A337AF4FBF1E1 = { isa = "PBXFileReference"; lastKnownFileType = "sourcecode.swift"; path = "ValkyrieLearn/Game/Systems/ArtSystem.swift"; sourceTree = "<group>"; };
350A7AE35318595ABE85CCC0 = { isa = "XCConfigurationList"; buildConfigurations = ("5CF13DC9933C12B7B4E11175", "838370960E2005AA986CC963",); defaultConfigurationIsVisible = 0; defaultConfigurationName = "Release"; };
357574532E2387FCE55B0363 = { isa = "PBXFrameworksBuildPhase"; buildActionMask = 2147483647; files = ("2236EAB216A02232D2C45B0F",); runOnlyForDeploymentPostprocessing = 0; };
3A157F489A93A1526A9435BF = { isa = "PBXFileReference"; explicitFileType = "wrapper.application"; path = "ValkyrieLearn.app"; sourceTree = "BUILT_PRODUCTS_DIR"; };
3B77388A81BF19D30840EED6 = { isa = "PBXFileReference"; lastKnownFileType = "file"; path = "ValkyrieLearn/Resources/V331WorldAtlas.webp"; sourceTree = "<group>"; };
3C05BEEE7303EE3FA7B250FA = { isa = "XCConfigurationList"; buildConfigurations = ("5AF4ED5F6E2EA1D4B91E386E", "3D6B24BD8575F8B6B236FC9D",); defaultConfigurationIsVisible = 0; defaultConfigurationName = "Release"; };
3D6B24BD8575F8B6B236FC9D = { isa = "XCBuildConfiguration"; name = "Release"; buildSettings = { SDKROOT = "iphoneos"; CLANG_ENABLE_MODULES = "YES"; CLANG_ENABLE_OBJC_ARC = "YES"; SWIFT_VERSION = "5.0"; IPHONEOS_DEPLOYMENT_TARGET = "17.0"; SWIFT_STRICT_CONCURRENCY = "targeted"; ENABLE_TESTABILITY = "NO"; ONLY_ACTIVE_ARCH = "NO"; }; };
3D846E44FF996BC130B6F768 = { isa = "PBXFileReference"; lastKnownFileType = "sourcecode.swift"; path = "ValkyrieLearn/Learning/WordGardenAdventure.swift"; sourceTree = "<group>"; };
4160E83A026290310ED9F131 = { isa = "PBXFileReference"; lastKnownFileType = "sourcecode.swift"; path = "ValkyrieLearn/Tests/LearningCoreTests/LearningCoreTests.swift"; sourceTree = "<group>"; };
4451A52FAE6A7828305669E4 = { isa = "PBXBuildFile"; fileRef = "24C2BCE42D2CF3F540F24D2C"; };
49CB49D5EB66241BFC87FFF2 = { isa = "PBXFileReference"; lastKnownFileType = "sourcecode.swift"; path = "ValkyrieLearn/Learning/ScaffoldingEngine.swift"; sourceTree = "<group>"; };
4D99EEB76E0C449BF805DB1F = { isa = "XCSwiftPackageProductDependency"; package = "BE9AD54601022DCC6177AF8B"; productName = "LearningCore"; };
4EDC8BFAFC6BD936B849F38C = { isa = "PBXGroup"; children = ("3A157F489A93A1526A9435BF", "D4B87338AEA825CD76D4B8B9", "1C4DA9D8C800ED4189B8562D",); name = "Products"; sourceTree = "<group>"; };
500CFCBE7E8614AC147F0DB2 = { isa = "PBXBuildFile"; fileRef = "2C6A137D49726AC8D8D2E2C0"; };
5184E4AE59870C7D6116D2E7 = { isa = "PBXFileReference"; lastKnownFileType = "sourcecode.swift"; path = "ValkyrieLearn/Learning/MasteryEngine.swift"; sourceTree = "<group>"; };
5274FB0EB590EB7C4431229F = { isa = "PBXBuildFile"; fileRef = "AEE8217CF6DA07B02479CB31"; };
54C4453DD7A1BAFC44CE8EC0 = { isa = "PBXFileReference"; lastKnownFileType = "sourcecode.swift"; path = "ValkyrieLearn/Game/Actors/PipNode.swift"; sourceTree = "<group>"; };
55AF9E01A8F4DDB36D064E87 = { isa = "PBXFileReference"; lastKnownFileType = "sourcecode.swift"; path = "ValkyrieLearn/Learning/EngagementDirector.swift"; sourceTree = "<group>"; };
594C6976964FBEF1D7C94236 = { isa = "PBXSourcesBuildPhase"; buildActionMask = 2147483647; files = ("93F51A867053C318A8F9CBC6", "29D5A3BE43B9B519C00851AA", "C010F44D6290F7097406D4CF", "791706C1F4D1F49E158FBAE7",); runOnlyForDeploymentPostprocessing = 0; };
5AF4ED5F6E2EA1D4B91E386E = { isa = "XCBuildConfiguration"; name = "Debug"; buildSettings = { SDKROOT = "iphoneos"; CLANG_ENABLE_MODULES = "YES"; CLANG_ENABLE_OBJC_ARC = "YES"; SWIFT_VERSION = "5.0"; IPHONEOS_DEPLOYMENT_TARGET = "17.0"; SWIFT_STRICT_CONCURRENCY = "targeted"; ENABLE_TESTABILITY = "YES"; ONLY_ACTIVE_ARCH = "YES"; }; };
5CF13DC9933C12B7B4E11175 = { isa = "XCBuildConfiguration"; buildSettings = { PRODUCT_NAME = "$(TARGET_NAME)"; PRODUCT_BUNDLE_IDENTIFIER = "com.valkyrielearn.PersistenceTests"; SWIFT_VERSION = "5.0"; IPHONEOS_DEPLOYMENT_TARGET = "17.0"; TARGETED_DEVICE_FAMILY = "2"; SUPPORTED_PLATFORMS = "iphoneos iphonesimulator"; CODE_SIGN_STYLE = "Automatic"; SWIFT_OPTIMIZATION_LEVEL = "-Onone"; DEBUG_INFORMATION_FORMAT = "dwarf"; SWIFT_ACTIVE_COMPILATION_CONDITIONS = "DEBUG"; ENABLE_TESTABILITY = "YES"; GENERATE_INFOPLIST_FILE = "YES"; TEST_HOST = "$(BUILT_PRODUCTS_DIR)/ValkyrieLearn.app/$(BUNDLE_EXECUTABLE_FOLDER_PATH)/ValkyrieLearn"; BUNDLE_LOADER = "$(TEST_HOST)"; }; name = "Debug"; };
5D07045E56C4A694BD343757 = { isa = "PBXNativeTarget"; buildConfigurationList = "82893A71B2DB7A67EB62C3D5"; buildPhases = ("64B454CDBEFD77A4D4DED5DE", "357574532E2387FCE55B0363", "934392807BC8B0E8C4BEF2A5",); buildRules = (); dependencies = (); name = "ValkyrieLearn"; productName = "ValkyrieLearn"; productReference = "3A157F489A93A1526A9435BF"; productType = "com.apple.product-type.application"; packageProductDependencies = ("86B9B4E7D46CDC350CA35D56",); };
5D496E995FCC5C0510720791 = { isa = "PBXFileReference"; lastKnownFileType = "folder.assetcatalog"; path = "ValkyrieLearn/Resources/AdventureArt.xcassets"; sourceTree = "<group>"; };
5F063A46D8DABE0263D7E9A8 = { isa = "PBXBuildFile"; fileRef = "8CF6B6AAD03C2D1865C542F7"; };
61EB41ED736E1E294822C171 = { isa = "PBXBuildFile"; fileRef = "626C72C15EAA9D65B3086D62"; };
6242BF8ECD5A47A6CC1A8329 = { isa = "PBXContainerItemProxy"; containerPortal = "985959785319747668373CC6"; proxyType = 1; remoteGlobalIDString = "5D07045E56C4A694BD343757"; remoteInfo = "ValkyrieLearn"; };
626C72C15EAA9D65B3086D62 = { isa = "PBXFileReference"; lastKnownFileType = "audio.wav"; path = "ValkyrieLearn/Resources/crystal.wav"; sourceTree = "<group>"; };
6404E7206185948259654705 = { isa = "PBXBuildFile"; fileRef = "01D6DCF0774564783544737A"; };
64B454CDBEFD77A4D4DED5DE = { isa = "PBXSourcesBuildPhase"; buildActionMask = 2147483647; files = ("F461DD44F6AB42BC5405A943", "500CFCBE7E8614AC147F0DB2", "8510D3A6C8B468867B14D981", "E6603E6D405E53BB003C9F24", "1A96F99C385511D0A77DDFA6", "9117749605C85C8BAEC24EFD", "7CAE313A9F4283F8FF7628D5", "6CF825E1CF1F9D1918CF518A", "11DB0A0D39102C4675A245F1", "D4E19871F336C59448A82D7A", "1E1519DC179DE2B90741553F", "9701CDF9F6A420C95784A6DB", "E304060B88695A439A18CEEF", "FB8F713478CB2A7F109E35B1", "85655D140D1587026EF48D09", "6A8FD7D3E7817BF1F8B5659A", "66948070E9455E5F4D0ECC1F", "8A0EA5154EC0CC5159F98B2D", "5F063A46D8DABE0263D7E9A8",); runOnlyForDeploymentPostprocessing = 0; };
66060980987F91FC22EF77F7 = { isa = "PBXFileReference"; lastKnownFileType = "sourcecode.swift"; path = "ValkyrieLearn/Game/Actors/LumiNode.swift"; sourceTree = "<group>"; };
66948070E9455E5F4D0ECC1F = { isa = "PBXBuildFile"; fileRef = "AD87C3735A95A18DF7DB698E"; };
6A31EEDB8BE9950D872C05EB = { isa = "PBXBuildFile"; fileRef = "3B77388A81BF19D30840EED6"; };
6A8FD7D3E7817BF1F8B5659A = { isa = "PBXBuildFile"; fileRef = "2E701D34502A337AF4FBF1E1"; };
6B32DF2F08CF769D39B33C6F = { isa = "XCSwiftPackageProductDependency"; package = "BE9AD54601022DCC6177AF8B"; productName = "LearningCore"; };
6CF825E1CF1F9D1918CF518A = { isa = "PBXBuildFile"; fileRef = "7FDF097EDDE60F5D3250CE26"; };
6D9BF82DCDE45BF940367108 = { isa = "PBXFileReference"; lastKnownFileType = "sourcecode.swift"; path = "ValkyrieLearn/Game/Scenes/WeatherTowerScene.swift"; sourceTree = "<group>"; };
7222F5327E2415C2B0AD15EF = { isa = "PBXFileReference"; lastKnownFileType = "file"; path = "ValkyrieLearn/Resources/Milo.webp"; sourceTree = "<group>"; };
791706C1F4D1F49E158FBAE7 = { isa = "PBXBuildFile"; fileRef = "FB37479EC570721D214D618A"; };
7CAE313A9F4283F8FF7628D5 = { isa = "PBXBuildFile"; fileRef = "10C2F810A2576000356B02DE"; };
7E1F7CF7F7989B00B7793AC0 = { isa = "PBXFileReference"; lastKnownFileType = "file"; path = "ValkyrieLearn/Resources/Lumi.webp"; sourceTree = "<group>"; };
7FDF097EDDE60F5D3250CE26 = { isa = "PBXFileReference"; lastKnownFileType = "sourcecode.swift"; path = "ValkyrieLearn/Game/Mechanics/CrystalCartMechanic.swift"; sourceTree = "<group>"; };
82893A71B2DB7A67EB62C3D5 = { isa = "XCConfigurationList"; buildConfigurations = ("E26F70351C6B00B4213B2347", "83A4A987CC4EB4794A96016C",); defaultConfigurationIsVisible = 0; defaultConfigurationName = "Release"; };
838370960E2005AA986CC963 = { isa = "XCBuildConfiguration"; buildSettings = { PRODUCT_NAME = "$(TARGET_NAME)"; PRODUCT_BUNDLE_IDENTIFIER = "com.valkyrielearn.PersistenceTests"; SWIFT_VERSION = "5.0"; IPHONEOS_DEPLOYMENT_TARGET = "17.0"; TARGETED_DEVICE_FAMILY = "2"; SUPPORTED_PLATFORMS = "iphoneos iphonesimulator"; CODE_SIGN_STYLE = "Automatic"; SWIFT_OPTIMIZATION_LEVEL = "-O"; DEBUG_INFORMATION_FORMAT = "dwarf-with-dsym"; SWIFT_ACTIVE_COMPILATION_CONDITIONS = ""; ENABLE_TESTABILITY = "NO"; GENERATE_INFOPLIST_FILE = "YES"; TEST_HOST = "$(BUILT_PRODUCTS_DIR)/ValkyrieLearn.app/$(BUNDLE_EXECUTABLE_FOLDER_PATH)/ValkyrieLearn"; BUNDLE_LOADER = "$(TEST_HOST)"; }; name = "Release"; };
839F0A145CC2017C385B3D2B = { isa = "PBXNativeTarget"; buildConfigurationList = "19515E43D632258BF509927B"; buildPhases = ("D435A67169623708F9947183", "A25609CE3E1E77681801AF61", "2ACD3DF9E95D047F41529F74",); buildRules = (); dependencies = (); name = "LearningCoreTests"; productName = "LearningCoreTests"; productReference = "D4B87338AEA825CD76D4B8B9"; productType = "com.apple.product-type.bundle.unit-test"; packageProductDependencies = ("6B32DF2F08CF769D39B33C6F",); };
83A4A987CC4EB4794A96016C = { isa = "XCBuildConfiguration"; buildSettings = { PRODUCT_NAME = "$(TARGET_NAME)"; PRODUCT_BUNDLE_IDENTIFIER = "com.valkyrielearn.ValkyrieLearn"; SWIFT_VERSION = "5.0"; IPHONEOS_DEPLOYMENT_TARGET = "17.0"; TARGETED_DEVICE_FAMILY = "2"; SUPPORTED_PLATFORMS = "iphoneos iphonesimulator"; CODE_SIGN_STYLE = "Automatic"; SWIFT_OPTIMIZATION_LEVEL = "-O"; DEBUG_INFORMATION_FORMAT = "dwarf-with-dsym"; SWIFT_ACTIVE_COMPILATION_CONDITIONS = ""; ENABLE_TESTABILITY = "NO"; INFOPLIST_FILE = "ValkyrieLearn/Resources/Info.plist"; GENERATE_INFOPLIST_FILE = "NO"; MARKETING_VERSION = "0.1.0"; CURRENT_PROJECT_VERSION = "1"; ASSETCATALOG_COMPILER_GENERATE_SWIFT_ASSET_SYMBOL_EXTENSIONS = "YES"; }; name = "Release"; };
850D87931725852B69EA1AD1 = { isa = "PBXFileReference"; lastKnownFileType = "sourcecode.swift"; path = "ValkyrieLearn/App/AppState.swift"; sourceTree = "<group>"; };
8510D3A6C8B468867B14D981 = { isa = "PBXBuildFile"; fileRef = "66060980987F91FC22EF77F7"; };
85655D140D1587026EF48D09 = { isa = "PBXBuildFile"; fileRef = "2DA5E2BB70E11FB0A888C87B"; };
86B9B4E7D46CDC350CA35D56 = { isa = "XCSwiftPackageProductDependency"; package = "BE9AD54601022DCC6177AF8B"; productName = "LearningCore"; };
88C026BA4C02F8237DC18A50 = { isa = "PBXFileReference"; lastKnownFileType = "sourcecode.swift"; path = "ValkyrieLearn/Tests/PersistenceTests/NativeArtTests.swift"; sourceTree = "<group>"; };
893AADD20358945F0EBA0663 = { isa = "PBXBuildFile"; fileRef = "EC7E135A382E26829F3B712D"; };
8A0EA5154EC0CC5159F98B2D = { isa = "PBXBuildFile"; fileRef = "D7369B56E19A22D38DAEE325"; };
8B8F17C1A5A6EE38209DBF3A = { isa = "PBXFileReference"; lastKnownFileType = "sourcecode.swift"; path = "ValkyrieLearn/Learning/Models/LearningModels.swift"; sourceTree = "<group>"; };
8C13BBD442EF804166530C8A = { isa = "PBXBuildFile"; fileRef = "4160E83A026290310ED9F131"; };
8C83E3610FA9D708858F6B2E = { isa = "PBXFileReference"; lastKnownFileType = "sourcecode.swift"; path = "ValkyrieLearn/Game/Scenes/StoryTreeScene.swift"; sourceTree = "<group>"; };
8CDCF30D6482882E7EBFE0FB = { isa = "PBXFileReference"; lastKnownFileType = "sourcecode.swift"; path = "ValkyrieLearn/Tests/LearningCoreTests/WordGardenAdventureTests.swift"; sourceTree = "<group>"; };
8CF6B6AAD03C2D1865C542F7 = { isa = "PBXFileReference"; lastKnownFileType = "sourcecode.swift"; path = "ValkyrieLearn/Persistence/LearningStore.swift"; sourceTree = "<group>"; };
8FA58FAF956ACBE211278C2E = { isa = "PBXFileReference"; lastKnownFileType = "sourcecode.swift"; path = "ValkyrieLearn/Game/Actors/ValkyrieNode.swift"; sourceTree = "<group>"; };
9117749605C85C8BAEC24EFD = { isa = "PBXBuildFile"; fileRef = "8FA58FAF956ACBE211278C2E"; };
934392807BC8B0E8C4BEF2A5 = { isa = "PBXResourcesBuildPhase"; buildActionMask = 2147483647; files = ("F068BC0283ED2E2BCBFC35A0", "F2FCE013C1053897B910EA1B", "FC23BDAB04F0C87E6560ECB3", "FD4485843B593E05EE2DC133", "6A31EEDB8BE9950D872C05EB", "4451A52FAE6A7828305669E4", "61EB41ED736E1E294822C171", "C0C54F8784E96D71BDFAE9B2", "893AADD20358945F0EBA0663", "5274FB0EB590EB7C4431229F",); runOnlyForDeploymentPostprocessing = 0; };
93F51A867053C318A8F9CBC6 = { isa = "PBXBuildFile"; fileRef = "88C026BA4C02F8237DC18A50"; };
9701CDF9F6A420C95784A6DB = { isa = "PBXBuildFile"; fileRef = "EE9AC2DEDF93EC51D6683C28"; };
97A63A01E61FD439E8760B8E = { isa = "PBXGroup"; children = ("CAF85B0888D78F1F83771A07", "4EDC8BFAFC6BD936B849F38C",); sourceTree = "<group>"; };
9810A2089A7B6B11F68D293F = { isa = "PBXFileReference"; lastKnownFileType = "sourcecode.swift"; path = "ValkyrieLearn/Learning/AdaptiveDirector.swift"; sourceTree = "<group>"; };
985959785319747668373CC6 = { isa = "PBXProject"; attributes = { BuildIndependentTargetsInParallel = "YES"; LastUpgradeCheck = "1600"; }; buildConfigurationList = "3C05BEEE7303EE3FA7B250FA"; compatibilityVersion = "Xcode 14.0"; developmentRegion = "en"; hasScannedForEncodings = 0; knownRegions = ("en", "Base",); mainGroup = "97A63A01E61FD439E8760B8E"; productRefGroup = "4EDC8BFAFC6BD936B849F38C"; projectDirPath = ""; projectRoot = ""; targets = ("5D07045E56C4A694BD343757", "839F0A145CC2017C385B3D2B", "159F986D5BB8A66A406695CA",); packageReferences = ("BE9AD54601022DCC6177AF8B",); };
9A333B47ECEEE9B45114153A = { isa = "PBXBuildFile"; fileRef = "EB6A0D0636E8E8E1E645F4E1"; };
A25609CE3E1E77681801AF61 = { isa = "PBXFrameworksBuildPhase"; buildActionMask = 2147483647; files = ("EFBBE88751A62CFA98AEB35D",); runOnlyForDeploymentPostprocessing = 0; };
A830652BFD45939FBCEC834D = { isa = "PBXFileReference"; lastKnownFileType = "sourcecode.swift"; path = "ValkyrieLearn/Tests/LearningCoreTests/ScienceAdventureTests.swift"; sourceTree = "<group>"; };
A92DB2C23E1E25D137864F1B = { isa = "PBXFileReference"; lastKnownFileType = "sourcecode.swift"; path = "ValkyrieLearn/Tests/LearningCoreTests/ParentMathSummaryTests.swift"; sourceTree = "<group>"; };
A945E3CF93B7013061C5D092 = { isa = "PBXFileReference"; lastKnownFileType = "sourcecode.swift"; path = "ValkyrieLearn/Tests/PersistenceTests/NativeScienceFlowTests.swift"; sourceTree = "<group>"; };
AA494BA0461B33538E1475F4 = { isa = "PBXFileReference"; lastKnownFileType = "audio.wav"; path = "ValkyrieLearn/Resources/footstep.wav"; sourceTree = "<group>"; };
AD87C3735A95A18DF7DB698E = { isa = "PBXFileReference"; lastKnownFileType = "sourcecode.swift"; path = "ValkyrieLearn/Game/Systems/AudioSystem.swift"; sourceTree = "<group>"; };
AEE8217CF6DA07B02479CB31 = { isa = "PBXFileReference"; lastKnownFileType = "audio.wav"; path = "ValkyrieLearn/Resources/success.wav"; sourceTree = "<group>"; };
BE9AD54601022DCC6177AF8B = { isa = "XCLocalSwiftPackageReference"; relativePath = "."; };
C010F44D6290F7097406D4CF = { isa = "PBXBuildFile"; fileRef = "A945E3CF93B7013061C5D092"; };
C0C54F8784E96D71BDFAE9B2 = { isa = "PBXBuildFile"; fileRef = "AA494BA0461B33538E1475F4"; };
CAF85B0888D78F1F83771A07 = { isa = "PBXGroup"; children = ("850D87931725852B69EA1AD1", "2C6A137D49726AC8D8D2E2C0", "66060980987F91FC22EF77F7", "DA8C3B09DFEAC456C8B756D9", "54C4453DD7A1BAFC44CE8EC0", "8FA58FAF956ACBE211278C2E", "10C2F810A2576000356B02DE", "7FDF097EDDE60F5D3250CE26", "E7B96848084F5E58C09944D1", "DFBC82B0CA0C772A167D5699", "0FD7C82D7ABCD809867EDB59", "EE9AC2DEDF93EC51D6683C28", "8C83E3610FA9D708858F6B2E", "6D9BF82DCDE45BF940367108", "2DA5E2BB70E11FB0A888C87B", "2E701D34502A337AF4FBF1E1", "AD87C3735A95A18DF7DB698E", "D7369B56E19A22D38DAEE325", "8CF6B6AAD03C2D1865C542F7", "F24824451FCDFA510DE71C14", "4160E83A026290310ED9F131", "EB6A0D0636E8E8E1E645F4E1", "01D6DCF0774564783544737A", "A92DB2C23E1E25D137864F1B", "A830652BFD45939FBCEC834D", "D89F8022FA1C704B54C379FF", "8CDCF30D6482882E7EBFE0FB", "88C026BA4C02F8237DC18A50", "CF54682E723861DB6C10CE78", "A945E3CF93B7013061C5D092", "FB37479EC570721D214D618A", "5D496E995FCC5C0510720791", "7E1F7CF7F7989B00B7793AC0", "7222F5327E2415C2B0AD15EF", "D1070B3B6C876EEC126D684F", "3B77388A81BF19D30840EED6", "24C2BCE42D2CF3F540F24D2C", "626C72C15EAA9D65B3086D62", "AA494BA0461B33538E1475F4", "EC7E135A382E26829F3B712D", "AEE8217CF6DA07B02479CB31", "9810A2089A7B6B11F68D293F", "E0FADD846826D28D6A6D45FE", "55AF9E01A8F4DDB36D064E87", "5184E4AE59870C7D6116D2E7", "DC1454E9574D45E84CD05DC7", "8B8F17C1A5A6EE38209DBF3A", "E47715270CDE0608393C9390", "49CB49D5EB66241BFC87FFF2", "00A6E763ACEDFC3248E3D5FA", "2827950E1D19235C450DDA5A", "3D846E44FF996BC130B6F768", "EBCE8B691E0E9CEF79E1CFA4", "29E258C5F371898EBEB7FC71", "F617BBAE628021C77CB106FE", "E6D969856255F95806D0BA3F",); name = "Native sources"; sourceTree = "<group>"; };
CDF84D36D23785168265D466 = { isa = "PBXBuildFile"; productRef = "4D99EEB76E0C449BF805DB1F"; };
CE56230F0C6BDF6009214475 = { isa = "PBXBuildFile"; fileRef = "D89F8022FA1C704B54C379FF"; };
CF54682E723861DB6C10CE78 = { isa = "PBXFileReference"; lastKnownFileType = "sourcecode.swift"; path = "ValkyrieLearn/Tests/PersistenceTests/NativeMathFlowTests.swift"; sourceTree = "<group>"; };
CFCACFA46F50C9816B487CB9 = { isa = "PBXBuildFile"; fileRef = "8CDCF30D6482882E7EBFE0FB"; };
D1070B3B6C876EEC126D684F = { isa = "PBXFileReference"; lastKnownFileType = "folder.skatlas"; path = "ValkyrieLearn/Resources/Pip.atlas"; sourceTree = "<group>"; };
D1716337755AFBE4C79A5388 = { isa = "PBXResourcesBuildPhase"; buildActionMask = 2147483647; files = (); runOnlyForDeploymentPostprocessing = 0; };
D435A67169623708F9947183 = { isa = "PBXSourcesBuildPhase"; buildActionMask = 2147483647; files = ("1324036977BD30255AA9F613", "8C13BBD442EF804166530C8A", "9A333B47ECEEE9B45114153A", "6404E7206185948259654705", "28508CF0335F9DB86F171DF4", "E91B706139B892EF1C745B19", "CE56230F0C6BDF6009214475", "CFCACFA46F50C9816B487CB9",); runOnlyForDeploymentPostprocessing = 0; };
D4B87338AEA825CD76D4B8B9 = { isa = "PBXFileReference"; explicitFileType = "wrapper.cfbundle"; path = "LearningCoreTests.xctest"; sourceTree = "BUILT_PRODUCTS_DIR"; };
D4E19871F336C59448A82D7A = { isa = "PBXBuildFile"; fileRef = "DFBC82B0CA0C772A167D5699"; };
D7369B56E19A22D38DAEE325 = { isa = "PBXFileReference"; lastKnownFileType = "sourcecode.swift"; path = "ValkyrieLearn/Parent/AdventureSettingsView.swift"; sourceTree = "<group>"; };
D89F8022FA1C704B54C379FF = { isa = "PBXFileReference"; lastKnownFileType = "sourcecode.swift"; path = "ValkyrieLearn/Tests/LearningCoreTests/ScienceSkillGraphTests.swift"; sourceTree = "<group>"; };
DA8C3B09DFEAC456C8B756D9 = { isa = "PBXFileReference"; lastKnownFileType = "sourcecode.swift"; path = "ValkyrieLearn/Game/Actors/MiloNode.swift"; sourceTree = "<group>"; };
DC1454E9574D45E84CD05DC7 = { isa = "PBXFileReference"; lastKnownFileType = "sourcecode.swift"; path = "ValkyrieLearn/Learning/MathAdventure.swift"; sourceTree = "<group>"; };
DFBC82B0CA0C772A167D5699 = { isa = "PBXFileReference"; lastKnownFileType = "sourcecode.swift"; path = "ValkyrieLearn/Game/Scenes/CreatureGroveScene.swift"; sourceTree = "<group>"; };
E0FADD846826D28D6A6D45FE = { isa = "PBXFileReference"; lastKnownFileType = "sourcecode.swift"; path = "ValkyrieLearn/Learning/CrystalCartModel.swift"; sourceTree = "<group>"; };
E26F70351C6B00B4213B2347 = { isa = "XCBuildConfiguration"; buildSettings = { PRODUCT_NAME = "$(TARGET_NAME)"; PRODUCT_BUNDLE_IDENTIFIER = "com.valkyrielearn.ValkyrieLearn"; SWIFT_VERSION = "5.0"; IPHONEOS_DEPLOYMENT_TARGET = "17.0"; TARGETED_DEVICE_FAMILY = "2"; SUPPORTED_PLATFORMS = "iphoneos iphonesimulator"; CODE_SIGN_STYLE = "Automatic"; SWIFT_OPTIMIZATION_LEVEL = "-Onone"; DEBUG_INFORMATION_FORMAT = "dwarf"; SWIFT_ACTIVE_COMPILATION_CONDITIONS = "DEBUG"; ENABLE_TESTABILITY = "YES"; INFOPLIST_FILE = "ValkyrieLearn/Resources/Info.plist"; GENERATE_INFOPLIST_FILE = "NO"; MARKETING_VERSION = "0.1.0"; CURRENT_PROJECT_VERSION = "1"; ASSETCATALOG_COMPILER_GENERATE_SWIFT_ASSET_SYMBOL_EXTENSIONS = "YES"; }; name = "Debug"; };
E304060B88695A439A18CEEF = { isa = "PBXBuildFile"; fileRef = "8C83E3610FA9D708858F6B2E"; };
E47715270CDE0608393C9390 = { isa = "PBXFileReference"; lastKnownFileType = "sourcecode.swift"; path = "ValkyrieLearn/Learning/ReviewScheduler.swift"; sourceTree = "<group>"; };
E6603E6D405E53BB003C9F24 = { isa = "PBXBuildFile"; fileRef = "DA8C3B09DFEAC456C8B756D9"; };
E6D969856255F95806D0BA3F = { isa = "PBXFileReference"; lastKnownFileType = "sourcecode.swift"; path = "ValkyrieLearn/Curriculum/Science/ScienceSkillGraph.swift"; sourceTree = "<group>"; };
E7B96848084F5E58C09944D1 = { isa = "PBXFileReference"; lastKnownFileType = "sourcecode.swift"; path = "ValkyrieLearn/Game/Scenes/AdventureScene.swift"; sourceTree = "<group>"; };
E91B706139B892EF1C745B19 = { isa = "PBXBuildFile"; fileRef = "A830652BFD45939FBCEC834D"; };
EB6A0D0636E8E8E1E645F4E1 = { isa = "PBXFileReference"; lastKnownFileType = "sourcecode.swift"; path = "ValkyrieLearn/Tests/LearningCoreTests/LiteracySkillGraphTests.swift"; sourceTree = "<group>"; };
EBCE8B691E0E9CEF79E1CFA4 = { isa = "PBXFileReference"; lastKnownFileType = "sourcecode.swift"; path = "ValkyrieLearn/Curriculum/Literacy/LiteracySkillGraph.swift"; sourceTree = "<group>"; };
EC7E135A382E26829F3B712D = { isa = "PBXFileReference"; lastKnownFileType = "audio.wav"; path = "ValkyrieLearn/Resources/gear.wav"; sourceTree = "<group>"; };
EE9AC2DEDF93EC51D6683C28 = { isa = "PBXFileReference"; lastKnownFileType = "sourcecode.swift"; path = "ValkyrieLearn/Game/Scenes/ScienceLabScene.swift"; sourceTree = "<group>"; };
EFBBE88751A62CFA98AEB35D = { isa = "PBXBuildFile"; productRef = "6B32DF2F08CF769D39B33C6F"; };
F068BC0283ED2E2BCBFC35A0 = { isa = "PBXBuildFile"; fileRef = "5D496E995FCC5C0510720791"; };
F24824451FCDFA510DE71C14 = { isa = "PBXFileReference"; lastKnownFileType = "sourcecode.swift"; path = "ValkyrieLearn/Tests/LearningCoreTests/CrystalCartTests.swift"; sourceTree = "<group>"; };
F2FCE013C1053897B910EA1B = { isa = "PBXBuildFile"; fileRef = "7E1F7CF7F7989B00B7793AC0"; };
F3A7D7D502805BD8916C3687 = { isa = "XCBuildConfiguration"; buildSettings = { PRODUCT_NAME = "$(TARGET_NAME)"; PRODUCT_BUNDLE_IDENTIFIER = "com.valkyrielearn.LearningCoreTests"; SWIFT_VERSION = "5.0"; IPHONEOS_DEPLOYMENT_TARGET = "17.0"; TARGETED_DEVICE_FAMILY = "2"; SUPPORTED_PLATFORMS = "iphoneos iphonesimulator"; CODE_SIGN_STYLE = "Automatic"; SWIFT_OPTIMIZATION_LEVEL = "-O"; DEBUG_INFORMATION_FORMAT = "dwarf-with-dsym"; SWIFT_ACTIVE_COMPILATION_CONDITIONS = ""; ENABLE_TESTABILITY = "NO"; GENERATE_INFOPLIST_FILE = "YES"; }; name = "Release"; };
F461DD44F6AB42BC5405A943 = { isa = "PBXBuildFile"; fileRef = "850D87931725852B69EA1AD1"; };
F617BBAE628021C77CB106FE = { isa = "PBXFileReference"; lastKnownFileType = "sourcecode.swift"; path = "ValkyrieLearn/Curriculum/Math/MathSkillGraphV2.swift"; sourceTree = "<group>"; };
FB37479EC570721D214D618A = { isa = "PBXFileReference"; lastKnownFileType = "sourcecode.swift"; path = "ValkyrieLearn/Tests/PersistenceTests/PersistenceTests.swift"; sourceTree = "<group>"; };
FB8F713478CB2A7F109E35B1 = { isa = "PBXBuildFile"; fileRef = "6D9BF82DCDE45BF940367108"; };
FC23BDAB04F0C87E6560ECB3 = { isa = "PBXBuildFile"; fileRef = "7222F5327E2415C2B0AD15EF"; };
FCABF20B352587BE2692920D = { isa = "XCBuildConfiguration"; buildSettings = { PRODUCT_NAME = "$(TARGET_NAME)"; PRODUCT_BUNDLE_IDENTIFIER = "com.valkyrielearn.LearningCoreTests"; SWIFT_VERSION = "5.0"; IPHONEOS_DEPLOYMENT_TARGET = "17.0"; TARGETED_DEVICE_FAMILY = "2"; SUPPORTED_PLATFORMS = "iphoneos iphonesimulator"; CODE_SIGN_STYLE = "Automatic"; SWIFT_OPTIMIZATION_LEVEL = "-Onone"; DEBUG_INFORMATION_FORMAT = "dwarf"; SWIFT_ACTIVE_COMPILATION_CONDITIONS = "DEBUG"; ENABLE_TESTABILITY = "YES"; GENERATE_INFOPLIST_FILE = "YES"; }; name = "Debug"; };
FD4485843B593E05EE2DC133 = { isa = "PBXBuildFile"; fileRef = "D1070B3B6C876EEC126D684F"; };
FF04061A404BCB0416F5F66B = { isa = "PBXFrameworksBuildPhase"; buildActionMask = 2147483647; files = ("CDF84D36D23785168265D466",); runOnlyForDeploymentPostprocessing = 0; };
}; rootObject = 985959785319747668373CC6; }
