// !$*UTF8*$!
{ archiveVersion = 1; classes = {}; objectVersion = 56; objects = {
011FB42F6F2BBB6AFCB87CF2 = { isa = "PBXFileReference"; lastKnownFileType = "sourcecode.swift"; path = "ValkyrieLearn\\Tests\\LearningCoreTests\\LiteracySkillGraphTests.swift"; sourceTree = "<group>"; };
072B9960B0E74B85C101AEC4 = { isa = "PBXFileReference"; lastKnownFileType = "sourcecode.swift"; path = "ValkyrieLearn\\App\\ValkyrieLearnApp.swift"; sourceTree = "<group>"; };
0841A882FDDC5BBB35E2836F = { isa = "PBXFileReference"; lastKnownFileType = "sourcecode.swift"; path = "ValkyrieLearn\\Learning\\CrystalCartModel.swift"; sourceTree = "<group>"; };
0C4333677481D2E961A113C2 = { isa = "PBXTargetDependency"; target = "5D07045E56C4A694BD343757"; targetProxy = "6242BF8ECD5A47A6CC1A8329"; };
116FFA2E44F788ABFA7A049D = { isa = "PBXFileReference"; lastKnownFileType = "sourcecode.swift"; path = "ValkyrieLearn\\Curriculum\\Literacy\\LiteracySkillGraph.swift"; sourceTree = "<group>"; };
147E03CEDD256ADD0189251E = { isa = "PBXFileReference"; lastKnownFileType = "sourcecode.swift"; path = "ValkyrieLearn\\Game\\Scenes\\WordGardenScene.swift"; sourceTree = "<group>"; };
159F986D5BB8A66A406695CA = { isa = "PBXNativeTarget"; buildConfigurationList = "350A7AE35318595ABE85CCC0"; buildPhases = ("594C6976964FBEF1D7C94236", "FF04061A404BCB0416F5F66B", "D1716337755AFBE4C79A5388",); buildRules = (); dependencies = ("0C4333677481D2E961A113C2",); name = "PersistenceTests"; productName = "PersistenceTests"; productReference = "1C4DA9D8C800ED4189B8562D"; productType = "com.apple.product-type.bundle.unit-test"; packageProductDependencies = ("4D99EEB76E0C449BF805DB1F",); };
16839E6090A7BFD5FA29B2B2 = { isa = "PBXBuildFile"; fileRef = "147E03CEDD256ADD0189251E"; };
19515E43D632258BF509927B = { isa = "XCConfigurationList"; buildConfigurations = ("FCABF20B352587BE2692920D", "F3A7D7D502805BD8916C3687",); defaultConfigurationIsVisible = 0; defaultConfigurationName = "Release"; };
1989553352218E2A178F3C4A = { isa = "PBXFileReference"; lastKnownFileType = "sourcecode.swift"; path = "ValkyrieLearn\\Game\\Mechanics\\CrystalCartMechanic.swift"; sourceTree = "<group>"; };
1A75CA1800A815E2AB3222BB = { isa = "PBXBuildFile"; fileRef = "EDE3619F237F636D50F70A7A"; };
1B1D0D0F722E3ED90DCA4329 = { isa = "PBXBuildFile"; fileRef = "4F5CBA8A01A5590891D8CC79"; };
1C4DA9D8C800ED4189B8562D = { isa = "PBXFileReference"; explicitFileType = "wrapper.cfbundle"; path = "PersistenceTests.xctest"; sourceTree = "BUILT_PRODUCTS_DIR"; };
1C8B2FF67311A65AED7A9463 = { isa = "PBXBuildFile"; fileRef = "571CFDCC803ADD299614C798"; };
1EF807536924C471D85F0561 = { isa = "PBXBuildFile"; fileRef = "356903059922AC0E1207104E"; };
2236EAB216A02232D2C45B0F = { isa = "PBXBuildFile"; productRef = "86B9B4E7D46CDC350CA35D56"; };
28CD8488C6B3E199D6E9E028 = { isa = "PBXFileReference"; lastKnownFileType = "sourcecode.swift"; path = "ValkyrieLearn\\Tests\\PersistenceTests\\PersistenceTests.swift"; sourceTree = "<group>"; };
2A45F3F06917BA42DD4278C1 = { isa = "PBXFileReference"; lastKnownFileType = "sourcecode.swift"; path = "ValkyrieLearn\\Persistence\\LearningStore.swift"; sourceTree = "<group>"; };
2A9FDF64319F7124E86EEF61 = { isa = "PBXFileReference"; lastKnownFileType = "sourcecode.swift"; path = "ValkyrieLearn\\Tests\\LearningCoreTests\\MathAdventureTests.swift"; sourceTree = "<group>"; };
2ACD3DF9E95D047F41529F74 = { isa = "PBXResourcesBuildPhase"; buildActionMask = 2147483647; files = (); runOnlyForDeploymentPostprocessing = 0; };
2DB12751FDA7E76844A4AE32 = { isa = "PBXFileReference"; lastKnownFileType = "file"; path = "ValkyrieLearn\\Resources\\V331WorldAtlas.webp"; sourceTree = "<group>"; };
3041AD27EDCE3354B2CF9AF5 = { isa = "PBXBuildFile"; fileRef = "A4BBAA76F871001FA34A41AA"; };
350A7AE35318595ABE85CCC0 = { isa = "XCConfigurationList"; buildConfigurations = ("5CF13DC9933C12B7B4E11175", "838370960E2005AA986CC963",); defaultConfigurationIsVisible = 0; defaultConfigurationName = "Release"; };
356903059922AC0E1207104E = { isa = "PBXFileReference"; lastKnownFileType = "sourcecode.swift"; path = "ValkyrieLearn\\Tests\\LearningCoreTests\\ParentMathSummaryTests.swift"; sourceTree = "<group>"; };
357574532E2387FCE55B0363 = { isa = "PBXFrameworksBuildPhase"; buildActionMask = 2147483647; files = ("2236EAB216A02232D2C45B0F",); runOnlyForDeploymentPostprocessing = 0; };
3A157F489A93A1526A9435BF = { isa = "PBXFileReference"; explicitFileType = "wrapper.application"; path = "ValkyrieLearn.app"; sourceTree = "BUILT_PRODUCTS_DIR"; };
3C05BEEE7303EE3FA7B250FA = { isa = "XCConfigurationList"; buildConfigurations = ("5AF4ED5F6E2EA1D4B91E386E", "3D6B24BD8575F8B6B236FC9D",); defaultConfigurationIsVisible = 0; defaultConfigurationName = "Release"; };
3D0C49093FE04AB0FC031374 = { isa = "PBXBuildFile"; fileRef = "E8F65E107562569D89760205"; };
3D6B24BD8575F8B6B236FC9D = { isa = "XCBuildConfiguration"; name = "Release"; buildSettings = { SDKROOT = "iphoneos"; CLANG_ENABLE_MODULES = "YES"; CLANG_ENABLE_OBJC_ARC = "YES"; SWIFT_VERSION = "5.0"; IPHONEOS_DEPLOYMENT_TARGET = "17.0"; SWIFT_STRICT_CONCURRENCY = "targeted"; ENABLE_TESTABILITY = "NO"; ONLY_ACTIVE_ARCH = "NO"; }; };
47491560BD7F9B8CFFCCAA7E = { isa = "PBXFileReference"; lastKnownFileType = "sourcecode.swift"; path = "ValkyrieLearn\\Learning\\AdaptiveDirector.swift"; sourceTree = "<group>"; };
4C061C422876F9A3C0BF940D = { isa = "PBXFileReference"; lastKnownFileType = "audio.wav"; path = "ValkyrieLearn\\Resources\\crystal.wav"; sourceTree = "<group>"; };
4D99EEB76E0C449BF805DB1F = { isa = "XCSwiftPackageProductDependency"; package = "BE9AD54601022DCC6177AF8B"; productName = "LearningCore"; };
4DA07FFA9113C44058076420 = { isa = "PBXBuildFile"; fileRef = "28CD8488C6B3E199D6E9E028"; };
4EDC8BFAFC6BD936B849F38C = { isa = "PBXGroup"; children = ("3A157F489A93A1526A9435BF", "D4B87338AEA825CD76D4B8B9", "1C4DA9D8C800ED4189B8562D",); name = "Products"; sourceTree = "<group>"; };
4F5CBA8A01A5590891D8CC79 = { isa = "PBXFileReference"; lastKnownFileType = "audio.wav"; path = "ValkyrieLearn\\Resources\\success.wav"; sourceTree = "<group>"; };
558E02367E6E2C84613C6FFA = { isa = "PBXFileReference"; lastKnownFileType = "sourcecode.swift"; path = "ValkyrieLearn\\Game\\Actors\\LumiNode.swift"; sourceTree = "<group>"; };
55BF6336AFC9D14E1AF3C07A = { isa = "PBXFileReference"; lastKnownFileType = "sourcecode.swift"; path = "ValkyrieLearn\\Learning\\ScaffoldingEngine.swift"; sourceTree = "<group>"; };
571CFDCC803ADD299614C798 = { isa = "PBXFileReference"; lastKnownFileType = "sourcecode.swift"; path = "ValkyrieLearn\\Game\\Systems\\AudioSystem.swift"; sourceTree = "<group>"; };
594C6976964FBEF1D7C94236 = { isa = "PBXSourcesBuildPhase"; buildActionMask = 2147483647; files = ("3041AD27EDCE3354B2CF9AF5", "D09F33129F1F1402BFB7DBD1", "4DA07FFA9113C44058076420",); runOnlyForDeploymentPostprocessing = 0; };
5AF4ED5F6E2EA1D4B91E386E = { isa = "XCBuildConfiguration"; name = "Debug"; buildSettings = { SDKROOT = "iphoneos"; CLANG_ENABLE_MODULES = "YES"; CLANG_ENABLE_OBJC_ARC = "YES"; SWIFT_VERSION = "5.0"; IPHONEOS_DEPLOYMENT_TARGET = "17.0"; SWIFT_STRICT_CONCURRENCY = "targeted"; ENABLE_TESTABILITY = "YES"; ONLY_ACTIVE_ARCH = "YES"; }; };
5B067186C66C50771B8E9855 = { isa = "PBXFileReference"; lastKnownFileType = "sourcecode.swift"; path = "ValkyrieLearn\\Curriculum\\Math\\MathFoundation.swift"; sourceTree = "<group>"; };
5BEE61838C9EFDD83654C437 = { isa = "PBXFileReference"; lastKnownFileType = "folder.skatlas"; path = "ValkyrieLearn\\Resources\\Pip.atlas"; sourceTree = "<group>"; };
5CF13DC9933C12B7B4E11175 = { isa = "XCBuildConfiguration"; buildSettings = { PRODUCT_NAME = "$(TARGET_NAME)"; PRODUCT_BUNDLE_IDENTIFIER = "com.valkyrielearn.PersistenceTests"; SWIFT_VERSION = "5.0"; IPHONEOS_DEPLOYMENT_TARGET = "17.0"; TARGETED_DEVICE_FAMILY = "2"; SUPPORTED_PLATFORMS = "iphoneos iphonesimulator"; CODE_SIGN_STYLE = "Automatic"; SWIFT_OPTIMIZATION_LEVEL = "-Onone"; DEBUG_INFORMATION_FORMAT = "dwarf"; SWIFT_ACTIVE_COMPILATION_CONDITIONS = "DEBUG"; ENABLE_TESTABILITY = "YES"; GENERATE_INFOPLIST_FILE = "YES"; TEST_HOST = "$(BUILT_PRODUCTS_DIR)/ValkyrieLearn.app/$(BUNDLE_EXECUTABLE_FOLDER_PATH)/ValkyrieLearn"; BUNDLE_LOADER = "$(TEST_HOST)"; }; name = "Debug"; };
5D07045E56C4A694BD343757 = { isa = "PBXNativeTarget"; buildConfigurationList = "82893A71B2DB7A67EB62C3D5"; buildPhases = ("64B454CDBEFD77A4D4DED5DE", "357574532E2387FCE55B0363", "934392807BC8B0E8C4BEF2A5",); buildRules = (); dependencies = (); name = "ValkyrieLearn"; productName = "ValkyrieLearn"; productReference = "3A157F489A93A1526A9435BF"; productType = "com.apple.product-type.application"; packageProductDependencies = ("86B9B4E7D46CDC350CA35D56",); };
5EE5F5B6FB60F59CE018E03C = { isa = "PBXBuildFile"; fileRef = "F4B4826525C66FD97D4FED18"; };
61D29C3B1229867445F78708 = { isa = "PBXBuildFile"; fileRef = "1989553352218E2A178F3C4A"; };
6242BF8ECD5A47A6CC1A8329 = { isa = "PBXContainerItemProxy"; containerPortal = "985959785319747668373CC6"; proxyType = 1; remoteGlobalIDString = "5D07045E56C4A694BD343757"; remoteInfo = "ValkyrieLearn"; };
62C9C4158F29E2EEC2082E82 = { isa = "PBXFileReference"; lastKnownFileType = "sourcecode.swift"; path = "ValkyrieLearn\\Learning\\EngagementDirector.swift"; sourceTree = "<group>"; };
639F91C771837BCBBFFE8F8E = { isa = "PBXFileReference"; lastKnownFileType = "folder.skatlas"; path = "ValkyrieLearn\\Resources\\Valkyrie.atlas"; sourceTree = "<group>"; };
64B454CDBEFD77A4D4DED5DE = { isa = "PBXSourcesBuildPhase"; buildActionMask = 2147483647; files = ("D9E71EDBA9D6EB9F5E9177DD", "97B9B8002ED5FCB35A1DBD64", "B372B9279599C4BE27B177DA", "6BBE11BC59E68795562A70F2", "B8CA01A7F1A2D50F467A546B", "1A75CA1800A815E2AB3222BB", "61D29C3B1229867445F78708", "A72E51646C8ED2971499C5F0", "6F764F5451F5DF43858671B4", "A0F93CABC4DD7C90EED4928B", "16839E6090A7BFD5FA29B2B2", "D88EC12CFC2335A9BA327A6E", "1C8B2FF67311A65AED7A9463", "82FB0F21CD4472F748E74877", "675CE2B5A98E09B1D1D730BF",); runOnlyForDeploymentPostprocessing = 0; };
675CE2B5A98E09B1D1D730BF = { isa = "PBXBuildFile"; fileRef = "2A45F3F06917BA42DD4278C1"; };
6A8F3D10FB8A41F4DE1B251C = { isa = "PBXFileReference"; lastKnownFileType = "audio.wav"; path = "ValkyrieLearn\\Resources\\gear.wav"; sourceTree = "<group>"; };
6B32DF2F08CF769D39B33C6F = { isa = "XCSwiftPackageProductDependency"; package = "BE9AD54601022DCC6177AF8B"; productName = "LearningCore"; };
6BBE11BC59E68795562A70F2 = { isa = "PBXBuildFile"; fileRef = "D2D3CCD0054B9F19B1C12600"; };
6EA104B788864C94C425BE93 = { isa = "PBXBuildFile"; fileRef = "2A9FDF64319F7124E86EEF61"; };
6EE0069864AEA02104267220 = { isa = "PBXFileReference"; lastKnownFileType = "sourcecode.swift"; path = "ValkyrieLearn\\Learning\\ReviewScheduler.swift"; sourceTree = "<group>"; };
6F764F5451F5DF43858671B4 = { isa = "PBXBuildFile"; fileRef = "ED45BD6D21CB47EDB0225365"; };
730A221753FA2FB79A1A1486 = { isa = "PBXBuildFile"; fileRef = "88CC52314B7ADDCE8DF9FD27"; };
757B9E69D9C9AA67BDFA6763 = { isa = "PBXBuildFile"; fileRef = "5BEE61838C9EFDD83654C437"; };
774D721B6C9F1EB00742CC6C = { isa = "PBXFileReference"; lastKnownFileType = "sourcecode.swift"; path = "ValkyrieLearn\\Curriculum\\Math\\MathSkillGraphV2.swift"; sourceTree = "<group>"; };
77AF54A1B91E6048F885E4B6 = { isa = "PBXFileReference"; lastKnownFileType = "sourcecode.swift"; path = "ValkyrieLearn\\Learning\\WordGardenAdventure.swift"; sourceTree = "<group>"; };
7B90F6EDC054C6142AF7E8E9 = { isa = "PBXBuildFile"; fileRef = "4C061C422876F9A3C0BF940D"; };
7C39423685EBC3DAD66697CF = { isa = "PBXBuildFile"; fileRef = "011FB42F6F2BBB6AFCB87CF2"; };
82893A71B2DB7A67EB62C3D5 = { isa = "XCConfigurationList"; buildConfigurations = ("E26F70351C6B00B4213B2347", "83A4A987CC4EB4794A96016C",); defaultConfigurationIsVisible = 0; defaultConfigurationName = "Release"; };
82FB0F21CD4472F748E74877 = { isa = "PBXBuildFile"; fileRef = "CBC925B85688CF1B789AF027"; };
838370960E2005AA986CC963 = { isa = "XCBuildConfiguration"; buildSettings = { PRODUCT_NAME = "$(TARGET_NAME)"; PRODUCT_BUNDLE_IDENTIFIER = "com.valkyrielearn.PersistenceTests"; SWIFT_VERSION = "5.0"; IPHONEOS_DEPLOYMENT_TARGET = "17.0"; TARGETED_DEVICE_FAMILY = "2"; SUPPORTED_PLATFORMS = "iphoneos iphonesimulator"; CODE_SIGN_STYLE = "Automatic"; SWIFT_OPTIMIZATION_LEVEL = "-O"; DEBUG_INFORMATION_FORMAT = "dwarf-with-dsym"; SWIFT_ACTIVE_COMPILATION_CONDITIONS = ""; ENABLE_TESTABILITY = "NO"; GENERATE_INFOPLIST_FILE = "YES"; TEST_HOST = "$(BUILT_PRODUCTS_DIR)/ValkyrieLearn.app/$(BUNDLE_EXECUTABLE_FOLDER_PATH)/ValkyrieLearn"; BUNDLE_LOADER = "$(TEST_HOST)"; }; name = "Release"; };
839F0A145CC2017C385B3D2B = { isa = "PBXNativeTarget"; buildConfigurationList = "19515E43D632258BF509927B"; buildPhases = ("D435A67169623708F9947183", "A25609CE3E1E77681801AF61", "2ACD3DF9E95D047F41529F74",); buildRules = (); dependencies = (); name = "LearningCoreTests"; productName = "LearningCoreTests"; productReference = "D4B87338AEA825CD76D4B8B9"; productType = "com.apple.product-type.bundle.unit-test"; packageProductDependencies = ("6B32DF2F08CF769D39B33C6F",); };
83A4A987CC4EB4794A96016C = { isa = "XCBuildConfiguration"; buildSettings = { PRODUCT_NAME = "$(TARGET_NAME)"; PRODUCT_BUNDLE_IDENTIFIER = "com.valkyrielearn.ValkyrieLearn"; SWIFT_VERSION = "5.0"; IPHONEOS_DEPLOYMENT_TARGET = "17.0"; TARGETED_DEVICE_FAMILY = "2"; SUPPORTED_PLATFORMS = "iphoneos iphonesimulator"; CODE_SIGN_STYLE = "Automatic"; SWIFT_OPTIMIZATION_LEVEL = "-O"; DEBUG_INFORMATION_FORMAT = "dwarf-with-dsym"; SWIFT_ACTIVE_COMPILATION_CONDITIONS = ""; ENABLE_TESTABILITY = "NO"; INFOPLIST_FILE = "ValkyrieLearn/Resources/Info.plist"; GENERATE_INFOPLIST_FILE = "NO"; MARKETING_VERSION = "0.1.0"; CURRENT_PROJECT_VERSION = "1"; ASSETCATALOG_COMPILER_GENERATE_SWIFT_ASSET_SYMBOL_EXTENSIONS = "YES"; }; name = "Release"; };
84E5144F7261CE2CE47744D8 = { isa = "PBXFileReference"; lastKnownFileType = "sourcecode.swift"; path = "ValkyrieLearn\\Learning\\MathAdventure.swift"; sourceTree = "<group>"; };
86B9B4E7D46CDC350CA35D56 = { isa = "XCSwiftPackageProductDependency"; package = "BE9AD54601022DCC6177AF8B"; productName = "LearningCore"; };
876B218AA135D639BA94DB23 = { isa = "PBXBuildFile"; fileRef = "2DB12751FDA7E76844A4AE32"; };
8787653360CA44A35BC9FCCF = { isa = "PBXFileReference"; lastKnownFileType = "sourcecode.swift"; path = "ValkyrieLearn\\Tests\\LearningCoreTests\\WordGardenAdventureTests.swift"; sourceTree = "<group>"; };
88CC52314B7ADDCE8DF9FD27 = { isa = "PBXFileReference"; lastKnownFileType = "audio.wav"; path = "ValkyrieLearn\\Resources\\footstep.wav"; sourceTree = "<group>"; };
934392807BC8B0E8C4BEF2A5 = { isa = "PBXResourcesBuildPhase"; buildActionMask = 2147483647; files = ("EE54B41F806781DCB7BE3BA4", "7B90F6EDC054C6142AF7E8E9", "730A221753FA2FB79A1A1486", "A10FEE9C92E6CD5B12FDA9A1", "5EE5F5B6FB60F59CE018E03C", "757B9E69D9C9AA67BDFA6763", "1B1D0D0F722E3ED90DCA4329", "876B218AA135D639BA94DB23", "D3982A8B0F30BB5085FCA3CA",); runOnlyForDeploymentPostprocessing = 0; };
97A63A01E61FD439E8760B8E = { isa = "PBXGroup"; children = ("CAF85B0888D78F1F83771A07", "4EDC8BFAFC6BD936B849F38C",); sourceTree = "<group>"; };
97B9B8002ED5FCB35A1DBD64 = { isa = "PBXBuildFile"; fileRef = "072B9960B0E74B85C101AEC4"; };
985959785319747668373CC6 = { isa = "PBXProject"; attributes = { BuildIndependentTargetsInParallel = "YES"; LastUpgradeCheck = "1600"; }; buildConfigurationList = "3C05BEEE7303EE3FA7B250FA"; compatibilityVersion = "Xcode 14.0"; developmentRegion = "en"; hasScannedForEncodings = 0; knownRegions = ("en", "Base",); mainGroup = "97A63A01E61FD439E8760B8E"; productRefGroup = "4EDC8BFAFC6BD936B849F38C"; projectDirPath = ""; projectRoot = ""; targets = ("5D07045E56C4A694BD343757", "839F0A145CC2017C385B3D2B", "159F986D5BB8A66A406695CA",); packageReferences = ("BE9AD54601022DCC6177AF8B",); };
9DD24F8D2F66013E57865CA9 = { isa = "PBXFileReference"; lastKnownFileType = "sourcecode.swift"; path = "ValkyrieLearn\\Game\\Actors\\ValkyrieNode.swift"; sourceTree = "<group>"; };
A0F93CABC4DD7C90EED4928B = { isa = "PBXBuildFile"; fileRef = "DDD60E83C1E87FC4DF715503"; };
A10FEE9C92E6CD5B12FDA9A1 = { isa = "PBXBuildFile"; fileRef = "6A8F3D10FB8A41F4DE1B251C"; };
A25609CE3E1E77681801AF61 = { isa = "PBXFrameworksBuildPhase"; buildActionMask = 2147483647; files = ("EFBBE88751A62CFA98AEB35D",); runOnlyForDeploymentPostprocessing = 0; };
A4BBAA76F871001FA34A41AA = { isa = "PBXFileReference"; lastKnownFileType = "sourcecode.swift"; path = "ValkyrieLearn\\Tests\\PersistenceTests\\NativeArtTests.swift"; sourceTree = "<group>"; };
A72E51646C8ED2971499C5F0 = { isa = "PBXBuildFile"; fileRef = "CC744E73F1F06950195280DA"; };
B372B9279599C4BE27B177DA = { isa = "PBXBuildFile"; fileRef = "558E02367E6E2C84613C6FFA"; };
B43EFF9472DF8795F2127D80 = { isa = "PBXFileReference"; lastKnownFileType = "sourcecode.swift"; path = "ValkyrieLearn\\Game\\Systems\\ArtSystem.swift"; sourceTree = "<group>"; };
B8CA01A7F1A2D50F467A546B = { isa = "PBXBuildFile"; fileRef = "9DD24F8D2F66013E57865CA9"; };
BE9AD54601022DCC6177AF8B = { isa = "XCLocalSwiftPackageReference"; relativePath = "."; };
C09FF2DFDB99B6568D3075CA = { isa = "PBXFileReference"; lastKnownFileType = "sourcecode.swift"; path = "ValkyrieLearn\\Tests\\LearningCoreTests\\CrystalCartTests.swift"; sourceTree = "<group>"; };
C2772AC4074358A03F4C7D96 = { isa = "PBXFileReference"; lastKnownFileType = "sourcecode.swift"; path = "ValkyrieLearn\\Learning\\SkillGraph.swift"; sourceTree = "<group>"; };
CAF85B0888D78F1F83771A07 = { isa = "PBXGroup"; children = ("EA062906D4C2AA466A804758", "072B9960B0E74B85C101AEC4", "558E02367E6E2C84613C6FFA", "D2D3CCD0054B9F19B1C12600", "9DD24F8D2F66013E57865CA9", "EDE3619F237F636D50F70A7A", "1989553352218E2A178F3C4A", "CC744E73F1F06950195280DA", "ED45BD6D21CB47EDB0225365", "DDD60E83C1E87FC4DF715503", "147E03CEDD256ADD0189251E", "B43EFF9472DF8795F2127D80", "571CFDCC803ADD299614C798", "CBC925B85688CF1B789AF027", "2A45F3F06917BA42DD4278C1", "C09FF2DFDB99B6568D3075CA", "E8F65E107562569D89760205", "011FB42F6F2BBB6AFCB87CF2", "2A9FDF64319F7124E86EEF61", "356903059922AC0E1207104E", "8787653360CA44A35BC9FCCF", "A4BBAA76F871001FA34A41AA", "D5FC3CD5B491F7EECE31CDB8", "28CD8488C6B3E199D6E9E028", "ECC5CDC11CE56B5E3452142A", "4C061C422876F9A3C0BF940D", "88CC52314B7ADDCE8DF9FD27", "6A8F3D10FB8A41F4DE1B251C", "F4B4826525C66FD97D4FED18", "5BEE61838C9EFDD83654C437", "4F5CBA8A01A5590891D8CC79", "2DB12751FDA7E76844A4AE32", "639F91C771837BCBBFFE8F8E", "47491560BD7F9B8CFFCCAA7E", "0841A882FDDC5BBB35E2836F", "62C9C4158F29E2EEC2082E82", "E4807ACA671CB5A94095499C", "84E5144F7261CE2CE47744D8", "F1999D6F0580AE55C5A44F8B", "6EE0069864AEA02104267220", "55BF6336AFC9D14E1AF3C07A", "C2772AC4074358A03F4C7D96", "77AF54A1B91E6048F885E4B6", "116FFA2E44F788ABFA7A049D", "5B067186C66C50771B8E9855", "774D721B6C9F1EB00742CC6C",); name = "Native sources"; sourceTree = "<group>"; };
CBC925B85688CF1B789AF027 = { isa = "PBXFileReference"; lastKnownFileType = "sourcecode.swift"; path = "ValkyrieLearn\\Parent\\AdventureSettingsView.swift"; sourceTree = "<group>"; };
CC744E73F1F06950195280DA = { isa = "PBXFileReference"; lastKnownFileType = "sourcecode.swift"; path = "ValkyrieLearn\\Game\\Scenes\\AdventureScene.swift"; sourceTree = "<group>"; };
CDF84D36D23785168265D466 = { isa = "PBXBuildFile"; productRef = "4D99EEB76E0C449BF805DB1F"; };
D09F33129F1F1402BFB7DBD1 = { isa = "PBXBuildFile"; fileRef = "D5FC3CD5B491F7EECE31CDB8"; };
D1716337755AFBE4C79A5388 = { isa = "PBXResourcesBuildPhase"; buildActionMask = 2147483647; files = (); runOnlyForDeploymentPostprocessing = 0; };
D193C801F65B01C0326702B0 = { isa = "PBXBuildFile"; fileRef = "C09FF2DFDB99B6568D3075CA"; };
D2D3CCD0054B9F19B1C12600 = { isa = "PBXFileReference"; lastKnownFileType = "sourcecode.swift"; path = "ValkyrieLearn\\Game\\Actors\\PipNode.swift"; sourceTree = "<group>"; };
D3982A8B0F30BB5085FCA3CA = { isa = "PBXBuildFile"; fileRef = "639F91C771837BCBBFFE8F8E"; };
D435A67169623708F9947183 = { isa = "PBXSourcesBuildPhase"; buildActionMask = 2147483647; files = ("D193C801F65B01C0326702B0", "3D0C49093FE04AB0FC031374", "7C39423685EBC3DAD66697CF", "6EA104B788864C94C425BE93", "1EF807536924C471D85F0561", "E7802636E54D9240C4DD814A",); runOnlyForDeploymentPostprocessing = 0; };
D4B87338AEA825CD76D4B8B9 = { isa = "PBXFileReference"; explicitFileType = "wrapper.cfbundle"; path = "LearningCoreTests.xctest"; sourceTree = "BUILT_PRODUCTS_DIR"; };
D5FC3CD5B491F7EECE31CDB8 = { isa = "PBXFileReference"; lastKnownFileType = "sourcecode.swift"; path = "ValkyrieLearn\\Tests\\PersistenceTests\\NativeMathFlowTests.swift"; sourceTree = "<group>"; };
D88EC12CFC2335A9BA327A6E = { isa = "PBXBuildFile"; fileRef = "B43EFF9472DF8795F2127D80"; };
D9E71EDBA9D6EB9F5E9177DD = { isa = "PBXBuildFile"; fileRef = "EA062906D4C2AA466A804758"; };
DDD60E83C1E87FC4DF715503 = { isa = "PBXFileReference"; lastKnownFileType = "sourcecode.swift"; path = "ValkyrieLearn\\Game\\Scenes\\StoryTreeScene.swift"; sourceTree = "<group>"; };
E26F70351C6B00B4213B2347 = { isa = "XCBuildConfiguration"; buildSettings = { PRODUCT_NAME = "$(TARGET_NAME)"; PRODUCT_BUNDLE_IDENTIFIER = "com.valkyrielearn.ValkyrieLearn"; SWIFT_VERSION = "5.0"; IPHONEOS_DEPLOYMENT_TARGET = "17.0"; TARGETED_DEVICE_FAMILY = "2"; SUPPORTED_PLATFORMS = "iphoneos iphonesimulator"; CODE_SIGN_STYLE = "Automatic"; SWIFT_OPTIMIZATION_LEVEL = "-Onone"; DEBUG_INFORMATION_FORMAT = "dwarf"; SWIFT_ACTIVE_COMPILATION_CONDITIONS = "DEBUG"; ENABLE_TESTABILITY = "YES"; INFOPLIST_FILE = "ValkyrieLearn/Resources/Info.plist"; GENERATE_INFOPLIST_FILE = "NO"; MARKETING_VERSION = "0.1.0"; CURRENT_PROJECT_VERSION = "1"; ASSETCATALOG_COMPILER_GENERATE_SWIFT_ASSET_SYMBOL_EXTENSIONS = "YES"; }; name = "Debug"; };
E4807ACA671CB5A94095499C = { isa = "PBXFileReference"; lastKnownFileType = "sourcecode.swift"; path = "ValkyrieLearn\\Learning\\MasteryEngine.swift"; sourceTree = "<group>"; };
E7802636E54D9240C4DD814A = { isa = "PBXBuildFile"; fileRef = "8787653360CA44A35BC9FCCF"; };
E8F65E107562569D89760205 = { isa = "PBXFileReference"; lastKnownFileType = "sourcecode.swift"; path = "ValkyrieLearn\\Tests\\LearningCoreTests\\LearningCoreTests.swift"; sourceTree = "<group>"; };
EA062906D4C2AA466A804758 = { isa = "PBXFileReference"; lastKnownFileType = "sourcecode.swift"; path = "ValkyrieLearn\\App\\AppState.swift"; sourceTree = "<group>"; };
ECC5CDC11CE56B5E3452142A = { isa = "PBXFileReference"; lastKnownFileType = "folder.assetcatalog"; path = "ValkyrieLearn\\Resources\\AdventureArt.xcassets"; sourceTree = "<group>"; };
ED45BD6D21CB47EDB0225365 = { isa = "PBXFileReference"; lastKnownFileType = "sourcecode.swift"; path = "ValkyrieLearn\\Game\\Scenes\\MathCastleScene.swift"; sourceTree = "<group>"; };
EDE3619F237F636D50F70A7A = { isa = "PBXFileReference"; lastKnownFileType = "sourcecode.swift"; path = "ValkyrieLearn\\Game\\GameContainerView.swift"; sourceTree = "<group>"; };
EE54B41F806781DCB7BE3BA4 = { isa = "PBXBuildFile"; fileRef = "ECC5CDC11CE56B5E3452142A"; };
EFBBE88751A62CFA98AEB35D = { isa = "PBXBuildFile"; productRef = "6B32DF2F08CF769D39B33C6F"; };
F1999D6F0580AE55C5A44F8B = { isa = "PBXFileReference"; lastKnownFileType = "sourcecode.swift"; path = "ValkyrieLearn\\Learning\\Models\\LearningModels.swift"; sourceTree = "<group>"; };
F3A7D7D502805BD8916C3687 = { isa = "XCBuildConfiguration"; buildSettings = { PRODUCT_NAME = "$(TARGET_NAME)"; PRODUCT_BUNDLE_IDENTIFIER = "com.valkyrielearn.LearningCoreTests"; SWIFT_VERSION = "5.0"; IPHONEOS_DEPLOYMENT_TARGET = "17.0"; TARGETED_DEVICE_FAMILY = "2"; SUPPORTED_PLATFORMS = "iphoneos iphonesimulator"; CODE_SIGN_STYLE = "Automatic"; SWIFT_OPTIMIZATION_LEVEL = "-O"; DEBUG_INFORMATION_FORMAT = "dwarf-with-dsym"; SWIFT_ACTIVE_COMPILATION_CONDITIONS = ""; ENABLE_TESTABILITY = "NO"; GENERATE_INFOPLIST_FILE = "YES"; }; name = "Release"; };
F4B4826525C66FD97D4FED18 = { isa = "PBXFileReference"; lastKnownFileType = "file"; path = "ValkyrieLearn\\Resources\\Lumi.webp"; sourceTree = "<group>"; };
FCABF20B352587BE2692920D = { isa = "XCBuildConfiguration"; buildSettings = { PRODUCT_NAME = "$(TARGET_NAME)"; PRODUCT_BUNDLE_IDENTIFIER = "com.valkyrielearn.LearningCoreTests"; SWIFT_VERSION = "5.0"; IPHONEOS_DEPLOYMENT_TARGET = "17.0"; TARGETED_DEVICE_FAMILY = "2"; SUPPORTED_PLATFORMS = "iphoneos iphonesimulator"; CODE_SIGN_STYLE = "Automatic"; SWIFT_OPTIMIZATION_LEVEL = "-Onone"; DEBUG_INFORMATION_FORMAT = "dwarf"; SWIFT_ACTIVE_COMPILATION_CONDITIONS = "DEBUG"; ENABLE_TESTABILITY = "YES"; GENERATE_INFOPLIST_FILE = "YES"; }; name = "Debug"; };
FF04061A404BCB0416F5F66B = { isa = "PBXFrameworksBuildPhase"; buildActionMask = 2147483647; files = ("CDF84D36D23785168265D466",); runOnlyForDeploymentPostprocessing = 0; };
}; rootObject = 985959785319747668373CC6; }
